
Microsoft Visual Studio Solution File, Format Version 12.00
# Visual Studio Version 17
VisualStudioVersion = 17.11.35312.102
MinimumVisualStudioVersion = 10.0.40219.1
Project("{FAE04EC0-301F-11D3-BF4B-00C04F79EFBC}") = "NumberGuess", "NumberGuess\NumberGuess.csproj", "{69AB3F26-C506-4CA9-AA7E-ACF7AE9181EE}"
EndProject
Global
	GlobalSection(SolutionConfigurationPlatforms) = preSolution
		Debug|Any CPU = Debug|Any CPU
		Release|Any CPU = Release|Any CPU
	EndGlobalSection
	GlobalSection(ProjectConfigurationPlatforms) = postSolution
		{69AB3F26-C506-4CA9-AA7E-ACF7AE9181EE}.Debug|Any CPU.ActiveCfg = Debug|Any CPU
		{69AB3F26-C506-4CA9-AA7E-ACF7AE9181EE}.Debug|Any CPU.Build.0 = Debug|Any CPU
		{69AB3F26-C506-4CA9-AA7E-ACF7AE9181EE}.Release|Any CPU.ActiveCfg = Release|Any CPU
		{69AB3F26-C506-4CA9-AA7E-ACF7AE9181EE}.Release|Any CPU.Build.0 = Release|Any CPU
	EndGlobalSection
	GlobalSection(SolutionProperties) = preSolution
		HideSolutionNode = FALSE
	EndGlobalSection
	GlobalSection(ExtensibilityGlobals) = postSolution
		SolutionGuid = {63138D8A-B3E6-426E-8759-043661EEA36C}
	EndGlobalSection
EndGlobal
